
Microsoft Visual Studio Solution File, Format Version 12.00
# Visual Studio Version 17
VisualStudioVersion = 17.11.35303.130
MinimumVisualStudioVersion = 10.0.40219.1
Project("{FAE04EC0-301F-11D3-BF4B-00C04F79EFBC}") = "MiniCompiler", "MiniCompiler\MiniCompiler.csproj", "{F30083F4-B0C1-4615-AC99-F3B97AF9FF23}"
EndProject
Global
	GlobalSection(SolutionConfigurationPlatforms) = preSolution
		Debug|Any CPU = Debug|Any CPU
		Release|Any CPU = Release|Any CPU
	EndGlobalSection
	GlobalSection(ProjectConfigurationPlatforms) = postSolution
		{F30083F4-B0C1-4615-AC99-F3B97AF9FF23}.Debug|Any CPU.ActiveCfg = Debug|Any CPU
		{F30083F4-B0C1-4615-AC99-F3B97AF9FF23}.Debug|Any CPU.Build.0 = Debug|Any CPU
		{F30083F4-B0C1-4615-AC99-F3B97AF9FF23}.Release|Any CPU.ActiveCfg = Release|Any CPU
		{F30083F4-B0C1-4615-AC99-F3B97AF9FF23}.Release|Any CPU.Build.0 = Release|Any CPU
	EndGlobalSection
	GlobalSection(SolutionProperties) = preSolution
		HideSolutionNode = FALSE
	EndGlobalSection
	GlobalSection(ExtensibilityGlobals) = postSolution
		SolutionGuid = {4306D864-41BB-46CD-AC47-EE6192DF1722}
	EndGlobalSection
EndGlobal
